
Microsoft Visual Studio Solution File, Format Version 12.00
# Visual Studio Version 17
VisualStudioVersion = 17.5.33502.453
MinimumVisualStudioVersion = 10.0.40219.1
Project("{FAE04EC0-301F-11D3-BF4B-00C04F79EFBC}") = "MultiwayTree-MermaidJs-Transformer", "MultiwayTree-MermaidJs-Transformer\MultiwayTree-MermaidJs-Transformer.csproj", "{212FBCDE-805F-4E10-8E9F-81378A1760E5}"
EndProject
Global
	GlobalSection(SolutionConfigurationPlatforms) = preSolution
		Debug|Any CPU = Debug|Any CPU
		Release|Any CPU = Release|Any CPU
	EndGlobalSection
	GlobalSection(ProjectConfigurationPlatforms) = postSolution
		{212FBCDE-805F-4E10-8E9F-81378A1760E5}.Debug|Any CPU.ActiveCfg = Debug|Any CPU
		{212FBCDE-805F-4E10-8E9F-81378A1760E5}.Debug|Any CPU.Build.0 = Debug|Any CPU
		{212FBCDE-805F-4E10-8E9F-81378A1760E5}.Release|Any CPU.ActiveCfg = Release|Any CPU
		{212FBCDE-805F-4E10-8E9F-81378A1760E5}.Release|Any CPU.Build.0 = Release|Any CPU
	EndGlobalSection
	GlobalSection(SolutionProperties) = preSolution
		HideSolutionNode = FALSE
	EndGlobalSection
	GlobalSection(ExtensibilityGlobals) = postSolution
		SolutionGuid = {971B04EB-CEF0-4A69-982D-07F6454463B0}
	EndGlobalSection
EndGlobal
